
Microsoft Visual Studio Solution File, Format Version 12.00
# Visual Studio Version 17
VisualStudioVersion = 17.6.33723.286
MinimumVisualStudioVersion = 10.0.40219.1
Project("{FAE04EC0-301F-11D3-BF4B-00C04F79EFBC}") = "DotnetCore", "DotnetCore\DotnetCore.csproj", "{0BE4EEDB-7EDF-43B6-AE0D-6116EE0BBB7A}"
EndProject
Project("{FAE04EC0-301F-11D3-BF4B-00C04F79EFBC}") = "Features", "Features\Features.csproj", "{BFF72BFB-2321-40F0-9B4B-142B5AC9A6DA}"
EndProject
Global
	GlobalSection(SolutionConfigurationPlatforms) = preSolution
		Debug|Any CPU = Debug|Any CPU
		Release|Any CPU = Release|Any CPU
	EndGlobalSection
	GlobalSection(ProjectConfigurationPlatforms) = postSolution
		{0BE4EEDB-7EDF-43B6-AE0D-6116EE0BBB7A}.Debug|Any CPU.ActiveCfg = Debug|Any CPU
		{0BE4EEDB-7EDF-43B6-AE0D-6116EE0BBB7A}.Debug|Any CPU.Build.0 = Debug|Any CPU
		{0BE4EEDB-7EDF-43B6-AE0D-6116EE0BBB7A}.Release|Any CPU.ActiveCfg = Release|Any CPU
		{0BE4EEDB-7EDF-43B6-AE0D-6116EE0BBB7A}.Release|Any CPU.Build.0 = Release|Any CPU
		{BFF72BFB-2321-40F0-9B4B-142B5AC9A6DA}.Debug|Any CPU.ActiveCfg = Debug|Any CPU
		{BFF72BFB-2321-40F0-9B4B-142B5AC9A6DA}.Debug|Any CPU.Build.0 = Debug|Any CPU
		{BFF72BFB-2321-40F0-9B4B-142B5AC9A6DA}.Release|Any CPU.ActiveCfg = Release|Any CPU
		{BFF72BFB-2321-40F0-9B4B-142B5AC9A6DA}.Release|Any CPU.Build.0 = Release|Any CPU
	EndGlobalSection
	GlobalSection(SolutionProperties) = preSolution
		HideSolutionNode = FALSE
	EndGlobalSection
	GlobalSection(ExtensibilityGlobals) = postSolution
		SolutionGuid = {BDCF45CC-5A52-46EB-9269-A916E0CB86D5}
	EndGlobalSection
EndGlobal
